// !$*UTF8*$!
{
	archiveVersion = 1;
	classes = {
	};
	objectVersion = 77;
	objects = {

/* Begin PBXBuildFile section */
		BF63F7182CDB0F210056DCD3 /* Constants.swift in Sources */ = {isa = PBXBuildFile; fileRef = BF63F7172CDB0F210056DCD3 /* Constants.swift */; };
		BF63F71A2CDB36C70056DCD3 /* InstructionsView.swift in Sources */ = {isa = PBXBuildFile; fileRef = BF63F7192CDB36C70056DCD3 /* InstructionsView.swift */; };
		BF63F71C2CDB3EC10056DCD3 /* SettingsView.swift in Sources */ = {isa = PBXBuildFile; fileRef = BF63F71B2CDB3EC10056DCD3 /* SettingsView.swift */; };
		BF63F71E2CDB48030056DCD3 /* GamePlayView.swift in Sources */ = {isa = PBXBuildFile; fileRef = BF63F71D2CDB48030056DCD3 /* GamePlayView.swift */; };
		BF66633C2CDB08DE009BFA5C /* Preview Assets.xcassets in Resources */ = {isa = PBXBuildFile; fileRef = BF6663362CDB08DE009BFA5C /* Preview Assets.xcassets */; };
		BF66633D2CDB08DE009BFA5C /* Assets.xcassets in Resources */ = {isa = PBXBuildFile; fileRef = BF6663382CDB08DE009BFA5C /* Assets.xcassets */; };
		BF66633E2CDB08DE009BFA5C /* ContentView.swift in Sources */ = {isa = PBXBuildFile; fileRef = BF6663392CDB08DE009BFA5C /* ContentView.swift */; };
		BF66633F2CDB08DE009BFA5C /* HPTriviaApp.swift in Sources */ = {isa = PBXBuildFile; fileRef = BF66633A2CDB08DE009BFA5C /* HPTriviaApp.swift */; };
		BF6663412CDB09BC009BFA5C /* trivia.json in Resources */ = {isa = PBXBuildFile; fileRef = BF6663402CDB09BC009BFA5C /* trivia.json */; };
		BF66634A2CDB09D0009BFA5C /* magic-in-the-air.mp3 in Resources */ = {isa = PBXBuildFile; fileRef = BF6663452CDB09D0009BFA5C /* magic-in-the-air.mp3 */; };
		BF66634B2CDB09D0009BFA5C /* spellcraft.mp3 in Resources */ = {isa = PBXBuildFile; fileRef = BF6663492CDB09D0009BFA5C /* spellcraft.mp3 */; };
		BF66634C2CDB09D0009BFA5C /* negative-beeps.mp3 in Resources */ = {isa = PBXBuildFile; fileRef = BF6663472CDB09D0009BFA5C /* negative-beeps.mp3 */; };
		BF66634D2CDB09D0009BFA5C /* hiding-place-in-the-forest.mp3 in Resources */ = {isa = PBXBuildFile; fileRef = BF6663432CDB09D0009BFA5C /* hiding-place-in-the-forest.mp3 */; };
		BF66634E2CDB09D0009BFA5C /* let-the-mystery-unfold.mp3 in Resources */ = {isa = PBXBuildFile; fileRef = BF6663442CDB09D0009BFA5C /* let-the-mystery-unfold.mp3 */; };
		BF66634F2CDB09D0009BFA5C /* deep-in-the-dell.mp3 in Resources */ = {isa = PBXBuildFile; fileRef = BF6663422CDB09D0009BFA5C /* deep-in-the-dell.mp3 */; };
		BF6663502CDB09D0009BFA5C /* magic-wand.mp3 in Resources */ = {isa = PBXBuildFile; fileRef = BF6663462CDB09D0009BFA5C /* magic-wand.mp3 */; };
		BF6663512CDB09D0009BFA5C /* page-flip.mp3 in Resources */ = {isa = PBXBuildFile; fileRef = BF6663482CDB09D0009BFA5C /* page-flip.mp3 */; };
/* End PBXBuildFile section */

/* Begin PBXFileReference section */
		BF63F7172CDB0F210056DCD3 /* Constants.swift */ = {isa = PBXFileReference; lastKnownFileType = sourcecode.swift; path = Constants.swift; sourceTree = "<group>"; };
		BF63F7192CDB36C70056DCD3 /* InstructionsView.swift */ = {isa = PBXFileReference; lastKnownFileType = sourcecode.swift; path = InstructionsView.swift; sourceTree = "<group>"; };
		BF63F71B2CDB3EC10056DCD3 /* SettingsView.swift */ = {isa = PBXFileReference; lastKnownFileType = sourcecode.swift; path = SettingsView.swift; sourceTree = "<group>"; };
		BF63F71D2CDB48030056DCD3 /* GamePlayView.swift */ = {isa = PBXFileReference; lastKnownFileType = sourcecode.swift; path = GamePlayView.swift; sourceTree = "<group>"; };
		BF6663252CDB08D0009BFA5C /* HPTrivia.app */ = {isa = PBXFileReference; explicitFileType = wrapper.application; includeInIndex = 0; path = HPTrivia.app; sourceTree = BUILT_PRODUCTS_DIR; };
		BF6663362CDB08DE009BFA5C /* Preview Assets.xcassets */ = {isa = PBXFileReference; lastKnownFileType = folder.assetcatalog; path = "Preview Assets.xcassets"; sourceTree = "<group>"; };
		BF6663382CDB08DE009BFA5C /* Assets.xcassets */ = {isa = PBXFileReference; lastKnownFileType = folder.assetcatalog; path = Assets.xcassets; sourceTree = "<group>"; };
		BF6663392CDB08DE009BFA5C /* ContentView.swift */ = {isa = PBXFileReference; lastKnownFileType = sourcecode.swift; path = ContentView.swift; sourceTree = "<group>"; };
		BF66633A2CDB08DE009BFA5C /* HPTriviaApp.swift */ = {isa = PBXFileReference; lastKnownFileType = sourcecode.swift; path = HPTriviaApp.swift; sourceTree = "<group>"; };
		BF6663402CDB09BC009BFA5C /* trivia.json */ = {isa = PBXFileReference; lastKnownFileType = text.json; path = trivia.json; sourceTree = "<group>"; };
		BF6663422CDB09D0009BFA5C /* deep-in-the-dell.mp3 */ = {isa = PBXFileReference; lastKnownFileType = audio.mp3; path = "deep-in-the-dell.mp3"; sourceTree = "<group>"; };
		BF6663432CDB09D0009BFA5C /* hiding-place-in-the-forest.mp3 */ = {isa = PBXFileReference; lastKnownFileType = audio.mp3; path = "hiding-place-in-the-forest.mp3"; sourceTree = "<group>"; };
		BF6663442CDB09D0009BFA5C /* let-the-mystery-unfold.mp3 */ = {isa = PBXFileReference; lastKnownFileType = audio.mp3; path = "let-the-mystery-unfold.mp3"; sourceTree = "<group>"; };
		BF6663452CDB09D0009BFA5C /* magic-in-the-air.mp3 */ = {isa = PBXFileReference; lastKnownFileType = audio.mp3; path = "magic-in-the-air.mp3"; sourceTree = "<group>"; };
		BF6663462CDB09D0009BFA5C /* magic-wand.mp3 */ = {isa = PBXFileReference; lastKnownFileType = audio.mp3; path = "magic-wand.mp3"; sourceTree = "<group>"; };
		BF6663472CDB09D0009BFA5C /* negative-beeps.mp3 */ = {isa = PBXFileReference; lastKnownFileType = audio.mp3; path = "negative-beeps.mp3"; sourceTree = "<group>"; };
		BF6663482CDB09D0009BFA5C /* page-flip.mp3 */ = {isa = PBXFileReference; lastKnownFileType = audio.mp3; path = "page-flip.mp3"; sourceTree = "<group>"; };
		BF6663492CDB09D0009BFA5C /* spellcraft.mp3 */ = {isa = PBXFileReference; lastKnownFileType = audio.mp3; path = spellcraft.mp3; sourceTree = "<group>"; };
/* End PBXFileReference section */

/* Begin PBXFrameworksBuildPhase section */
		BF6663222CDB08D0009BFA5C /* Frameworks */ = {
			isa = PBXFrameworksBuildPhase;
			buildActionMask = 2147483647;
			files = (
			);
			runOnlyForDeploymentPostprocessing = 0;
		};
/* End PBXFrameworksBuildPhase section */

/* Begin PBXGroup section */
		BF66631C2CDB08D0009BFA5C = {
			isa = PBXGroup;
			children = (
				BF66633B2CDB08DE009BFA5C /* HPTrivia */,
				BF6663262CDB08D0009BFA5C /* Products */,
			);
			sourceTree = "<group>";
		};
		BF6663262CDB08D0009BFA5C /* Products */ = {
			isa = PBXGroup;
			children = (
				BF6663252CDB08D0009BFA5C /* HPTrivia.app */,
			);
			name = Products;
			sourceTree = "<group>";
		};
		BF6663372CDB08DE009BFA5C /* Preview Content */ = {
			isa = PBXGroup;
			children = (
				BF6663362CDB08DE009BFA5C /* Preview Assets.xcassets */,
			);
			path = "Preview Content";
			sourceTree = "<group>";
		};
		BF66633B2CDB08DE009BFA5C /* HPTrivia */ = {
			isa = PBXGroup;
			children = (
				BF6663392CDB08DE009BFA5C /* ContentView.swift */,
				BF63F7192CDB36C70056DCD3 /* InstructionsView.swift */,
				BF63F71B2CDB3EC10056DCD3 /* SettingsView.swift */,
				BF63F71D2CDB48030056DCD3 /* GamePlayView.swift */,
				BF66633A2CDB08DE009BFA5C /* HPTriviaApp.swift */,
				BF63F7172CDB0F210056DCD3 /* Constants.swift */,
				BF6663382CDB08DE009BFA5C /* Assets.xcassets */,
				BF6663402CDB09BC009BFA5C /* trivia.json */,
				BF6663422CDB09D0009BFA5C /* deep-in-the-dell.mp3 */,
				BF6663432CDB09D0009BFA5C /* hiding-place-in-the-forest.mp3 */,
				BF6663442CDB09D0009BFA5C /* let-the-mystery-unfold.mp3 */,
				BF6663452CDB09D0009BFA5C /* magic-in-the-air.mp3 */,
				BF6663462CDB09D0009BFA5C /* magic-wand.mp3 */,
				BF6663472CDB09D0009BFA5C /* negative-beeps.mp3 */,
				BF6663482CDB09D0009BFA5C /* page-flip.mp3 */,
				BF6663492CDB09D0009BFA5C /* spellcraft.mp3 */,
				BF6663372CDB08DE009BFA5C /* Preview Content */,
			);
			path = HPTrivia;
			sourceTree = "<group>";
		};
/* End PBXGroup section */

/* Begin PBXNativeTarget section */
		BF6663242CDB08D0009BFA5C /* HPTrivia */ = {
			isa = PBXNativeTarget;
			buildConfigurationList = BF6663332CDB08D1009BFA5C /* Build configuration list for PBXNativeTarget "HPTrivia" */;
			buildPhases = (
				BF6663212CDB08D0009BFA5C /* Sources */,
				BF6663222CDB08D0009BFA5C /* Frameworks */,
				BF6663232CDB08D0009BFA5C /* Resources */,
			);
			buildRules = (
			);
			dependencies = (
			);
			name = HPTrivia;
			packageProductDependencies = (
			);
			productName = HPTrivia;
			productReference = BF6663252CDB08D0009BFA5C /* HPTrivia.app */;
			productType = "com.apple.product-type.application";
		};
/* End PBXNativeTarget section */

/* Begin PBXProject section */
		BF66631D2CDB08D0009BFA5C /* Project object */ = {
			isa = PBXProject;
			attributes = {
				BuildIndependentTargetsInParallel = 1;
				LastSwiftUpdateCheck = 1610;
				LastUpgradeCheck = 1610;
				TargetAttributes = {
					BF6663242CDB08D0009BFA5C = {
						CreatedOnToolsVersion = 16.1;
					};
				};
			};
			buildConfigurationList = BF6663202CDB08D0009BFA5C /* Build configuration list for PBXProject "HPTrivia" */;
			developmentRegion = en;
			hasScannedForEncodings = 0;
			knownRegions = (
				en,
				Base,
			);
			mainGroup = BF66631C2CDB08D0009BFA5C;
			minimizedProjectReferenceProxies = 1;
			preferredProjectObjectVersion = 77;
			productRefGroup = BF6663262CDB08D0009BFA5C /* Products */;
			projectDirPath = "";
			projectRoot = "";
			targets = (
				BF6663242CDB08D0009BFA5C /* HPTrivia */,
			);
		};
/* End PBXProject section */

/* Begin PBXResourcesBuildPhase section */
		BF6663232CDB08D0009BFA5C /* Resources */ = {
			isa = PBXResourcesBuildPhase;
			buildActionMask = 2147483647;
			files = (
				BF66633C2CDB08DE009BFA5C /* Preview Assets.xcassets in Resources */,
				BF66633D2CDB08DE009BFA5C /* Assets.xcassets in Resources */,
				BF66634A2CDB09D0009BFA5C /* magic-in-the-air.mp3 in Resources */,
				BF66634B2CDB09D0009BFA5C /* spellcraft.mp3 in Resources */,
				BF66634C2CDB09D0009BFA5C /* negative-beeps.mp3 in Resources */,
				BF66634D2CDB09D0009BFA5C /* hiding-place-in-the-forest.mp3 in Resources */,
				BF66634E2CDB09D0009BFA5C /* let-the-mystery-unfold.mp3 in Resources */,
				BF66634F2CDB09D0009BFA5C /* deep-in-the-dell.mp3 in Resources */,
				BF6663502CDB09D0009BFA5C /* magic-wand.mp3 in Resources */,
				BF6663512CDB09D0009BFA5C /* page-flip.mp3 in Resources */,
				BF6663412CDB09BC009BFA5C /* trivia.json in Resources */,
			);
			runOnlyForDeploymentPostprocessing = 0;
		};
/* End PBXResourcesBuildPhase section */

/* Begin PBXSourcesBuildPhase section */
		BF6663212CDB08D0009BFA5C /* Sources */ = {
			isa = PBXSourcesBuildPhase;
			buildActionMask = 2147483647;
			files = (
				BF63F71C2CDB3EC10056DCD3 /* SettingsView.swift in Sources */,
				BF66633E2CDB08DE009BFA5C /* ContentView.swift in Sources */,
				BF63F71A2CDB36C70056DCD3 /* InstructionsView.swift in Sources */,
				BF66633F2CDB08DE009BFA5C /* HPTriviaApp.swift in Sources */,
				BF63F71E2CDB48030056DCD3 /* GamePlayView.swift in Sources */,
				BF63F7182CDB0F210056DCD3 /* Constants.swift in Sources */,
			);
			runOnlyForDeploymentPostprocessing = 0;
		};
/* End PBXSourcesBuildPhase section */

/* Begin XCBuildConfiguration section */
		BF6663312CDB08D1009BFA5C /* Debug */ = {
			isa = XCBuildConfiguration;
			buildSettings = {
				ALWAYS_SEARCH_USER_PATHS = NO;
				ASSETCATALOG_COMPILER_GENERATE_SWIFT_ASSET_SYMBOL_EXTENSIONS = YES;
				CLANG_ANALYZER_NONNULL = YES;
				CLANG_ANALYZER_NUMBER_OBJECT_CONVERSION = YES_AGGRESSIVE;
				CLANG_CXX_LANGUAGE_STANDARD = "gnu++20";
				CLANG_ENABLE_MODULES = YES;
				CLANG_ENABLE_OBJC_ARC = YES;
				CLANG_ENABLE_OBJC_WEAK = YES;
				CLANG_WARN_BLOCK_CAPTURE_AUTORELEASING = YES;
				CLANG_WARN_BOOL_CONVERSION = YES;
				CLANG_WARN_COMMA = YES;
				CLANG_WARN_CONSTANT_CONVERSION = YES;
				CLANG_WARN_DEPRECATED_OBJC_IMPLEMENTATIONS = YES;
				CLANG_WARN_DIRECT_OBJC_ISA_USAGE = YES_ERROR;
				CLANG_WARN_DOCUMENTATION_COMMENTS = YES;
				CLANG_WARN_EMPTY_BODY = YES;
				CLANG_WARN_ENUM_CONVERSION = YES;
				CLANG_WARN_INFINITE_RECURSION = YES;
				CLANG_WARN_INT_CONVERSION = YES;
				CLANG_WARN_NON_LITERAL_NULL_CONVERSION = YES;
				CLANG_WARN_OBJC_IMPLICIT_RETAIN_SELF = YES;
				CLANG_WARN_OBJC_LITERAL_CONVERSION = YES;
				CLANG_WARN_OBJC_ROOT_CLASS = YES_ERROR;
				CLANG_WARN_QUOTED_INCLUDE_IN_FRAMEWORK_HEADER = YES;
				CLANG_WARN_RANGE_LOOP_ANALYSIS = YES;
				CLANG_WARN_STRICT_PROTOTYPES = YES;
				CLANG_WARN_SUSPICIOUS_MOVE = YES;
				CLANG_WARN_UNGUARDED_AVAILABILITY = YES_AGGRESSIVE;
				CLANG_WARN_UNREACHABLE_CODE = YES;
				CLANG_WARN__DUPLICATE_METHOD_MATCH = YES;
				COPY_PHASE_STRIP = NO;
				DEBUG_INFORMATION_FORMAT = dwarf;
				ENABLE_STRICT_OBJC_MSGSEND = YES;
				ENABLE_TESTABILITY = YES;
				ENABLE_USER_SCRIPT_SANDBOXING = YES;
				GCC_C_LANGUAGE_STANDARD = gnu17;
				GCC_DYNAMIC_NO_PIC = NO;
				GCC_NO_COMMON_BLOCKS = YES;
				GCC_OPTIMIZATION_LEVEL = 0;
				GCC_PREPROCESSOR_DEFINITIONS = (
					"DEBUG=1",
					"$(inherited)",
				);
				GCC_WARN_64_TO_32_BIT_CONVERSION = YES;
				GCC_WARN_ABOUT_RETURN_TYPE = YES_ERROR;
				GCC_WARN_UNDECLARED_SELECTOR = YES;
				GCC_WARN_UNINITIALIZED_AUTOS = YES_AGGRESSIVE;
				GCC_WARN_UNUSED_FUNCTION = YES;
				GCC_WARN_UNUSED_VARIABLE = YES;
				IPHONEOS_DEPLOYMENT_TARGET = 18.1;
				LOCALIZATION_PREFERS_STRING_CATALOGS = YES;
				MTL_ENABLE_DEBUG_INFO = INCLUDE_SOURCE;
				MTL_FAST_MATH = YES;
				ONLY_ACTIVE_ARCH = YES;
				SDKROOT = iphoneos;
				SWIFT_ACTIVE_COMPILATION_CONDITIONS = "DEBUG $(inherited)";
				SWIFT_OPTIMIZATION_LEVEL = "-Onone";
			};
			name = Debug;
		};
		BF6663322CDB08D1009BFA5C /* Release */ = {
			isa = XCBuildConfiguration;
			buildSettings = {
				ALWAYS_SEARCH_USER_PATHS = NO;
				ASSETCATALOG_COMPILER_GENERATE_SWIFT_ASSET_SYMBOL_EXTENSIONS = YES;
				CLANG_ANALYZER_NONNULL = YES;
				CLANG_ANALYZER_NUMBER_OBJECT_CONVERSION = YES_AGGRESSIVE;
				CLANG_CXX_LANGUAGE_STANDARD = "gnu++20";
				CLANG_ENABLE_MODULES = YES;
				CLANG_ENABLE_OBJC_ARC = YES;
				CLANG_ENABLE_OBJC_WEAK = YES;
				CLANG_WARN_BLOCK_CAPTURE_AUTORELEASING = YES;
				CLANG_WARN_BOOL_CONVERSION = YES;
				CLANG_WARN_COMMA = YES;
				CLANG_WARN_CONSTANT_CONVERSION = YES;
				CLANG_WARN_DEPRECATED_OBJC_IMPLEMENTATIONS = YES;
				CLANG_WARN_DIRECT_OBJC_ISA_USAGE = YES_ERROR;
				CLANG_WARN_DOCUMENTATION_COMMENTS = YES;
				CLANG_WARN_EMPTY_BODY = YES;
				CLANG_WARN_ENUM_CONVERSION = YES;
				CLANG_WARN_INFINITE_RECURSION = YES;
				CLANG_WARN_INT_CONVERSION = YES;
				CLANG_WARN_NON_LITERAL_NULL_CONVERSION = YES;
				CLANG_WARN_OBJC_IMPLICIT_RETAIN_SELF = YES;
				CLANG_WARN_OBJC_LITERAL_CONVERSION = YES;
				CLANG_WARN_OBJC_ROOT_CLASS = YES_ERROR;
				CLANG_WARN_QUOTED_INCLUDE_IN_FRAMEWORK_HEADER = YES;
				CLANG_WARN_RANGE_LOOP_ANALYSIS = YES;
				CLANG_WARN_STRICT_PROTOTYPES = YES;
				CLANG_WARN_SUSPICIOUS_MOVE = YES;
				CLANG_WARN_UNGUARDED_AVAILABILITY = YES_AGGRESSIVE;
				CLANG_WARN_UNREACHABLE_CODE = YES;
				CLANG_WARN__DUPLICATE_METHOD_MATCH = YES;
				COPY_PHASE_STRIP = NO;
				DEBUG_INFORMATION_FORMAT = "dwarf-with-dsym";
				ENABLE_NS_ASSERTIONS = NO;
				ENABLE_STRICT_OBJC_MSGSEND = YES;
				ENABLE_USER_SCRIPT_SANDBOXING = YES;
				GCC_C_LANGUAGE_STANDARD = gnu17;
				GCC_NO_COMMON_BLOCKS = YES;
				GCC_WARN_64_TO_32_BIT_CONVERSION = YES;
				GCC_WARN_ABOUT_RETURN_TYPE = YES_ERROR;
				GCC_WARN_UNDECLARED_SELECTOR = YES;
				GCC_WARN_UNINITIALIZED_AUTOS = YES_AGGRESSIVE;
				GCC_WARN_UNUSED_FUNCTION = YES;
				GCC_WARN_UNUSED_VARIABLE = YES;
				IPHONEOS_DEPLOYMENT_TARGET = 18.1;
				LOCALIZATION_PREFERS_STRING_CATALOGS = YES;
				MTL_ENABLE_DEBUG_INFO = NO;
				MTL_FAST_MATH = YES;
				SDKROOT = iphoneos;
				SWIFT_COMPILATION_MODE = wholemodule;
				VALIDATE_PRODUCT = YES;
			};
			name = Release;
		};
		BF6663342CDB08D1009BFA5C /* Debug */ = {
			isa = XCBuildConfiguration;
			buildSettings = {
				ASSETCATALOG_COMPILER_APPICON_NAME = AppIcon;
				ASSETCATALOG_COMPILER_GLOBAL_ACCENT_COLOR_NAME = AccentColor;
				CODE_SIGN_STYLE = Automatic;
				CURRENT_PROJECT_VERSION = 1;
				DEVELOPMENT_ASSET_PATHS = "\"HPTrivia/Preview Content\"";
				DEVELOPMENT_TEAM = T9MD4URZFH;
				ENABLE_PREVIEWS = YES;
				GENERATE_INFOPLIST_FILE = YES;
				INFOPLIST_KEY_UIApplicationSceneManifest_Generation = YES;
				INFOPLIST_KEY_UIApplicationSupportsIndirectInputEvents = YES;
				INFOPLIST_KEY_UILaunchScreen_Generation = YES;
				INFOPLIST_KEY_UISupportedInterfaceOrientations_iPad = "UIInterfaceOrientationPortrait UIInterfaceOrientationPortraitUpsideDown UIInterfaceOrientationLandscapeLeft UIInterfaceOrientationLandscapeRight";
				INFOPLIST_KEY_UISupportedInterfaceOrientations_iPhone = "UIInterfaceOrientationPortrait UIInterfaceOrientationLandscapeLeft UIInterfaceOrientationLandscapeRight";
				LD_RUNPATH_SEARCH_PATHS = (
					"$(inherited)",
					"@executable_path/Frameworks",
				);
				MARKETING_VERSION = 1.0;
				PRODUCT_BUNDLE_IDENTIFIER = com.superkookai.HPTrivia;
				PRODUCT_NAME = "$(TARGET_NAME)";
				SWIFT_EMIT_LOC_STRINGS = YES;
				SWIFT_VERSION = 5.0;
				TARGETED_DEVICE_FAMILY = "1,2";
			};
			name = Debug;
		};
		BF6663352CDB08D1009BFA5C /* Release */ = {
			isa = XCBuildConfiguration;
			buildSettings = {
				ASSETCATALOG_COMPILER_APPICON_NAME = AppIcon;
				ASSETCATALOG_COMPILER_GLOBAL_ACCENT_COLOR_NAME = AccentColor;
				CODE_SIGN_STYLE = Automatic;
				CURRENT_PROJECT_VERSION = 1;
				DEVELOPMENT_ASSET_PATHS = "\"HPTrivia/Preview Content\"";
				DEVELOPMENT_TEAM = T9MD4URZFH;
				ENABLE_PREVIEWS = YES;
				GENERATE_INFOPLIST_FILE = YES;
				INFOPLIST_KEY_UIApplicationSceneManifest_Generation = YES;
				INFOPLIST_KEY_UIApplicationSupportsIndirectInputEvents = YES;
				INFOPLIST_KEY_UILaunchScreen_Generation = YES;
				INFOPLIST_KEY_UISupportedInterfaceOrientations_iPad = "UIInterfaceOrientationPortrait UIInterfaceOrientationPortraitUpsideDown UIInterfaceOrientationLandscapeLeft UIInterfaceOrientationLandscapeRight";
				INFOPLIST_KEY_UISupportedInterfaceOrientations_iPhone = "UIInterfaceOrientationPortrait UIInterfaceOrientationLandscapeLeft UIInterfaceOrientationLandscapeRight";
				LD_RUNPATH_SEARCH_PATHS = (
					"$(inherited)",
					"@executable_path/Frameworks",
				);
				MARKETING_VERSION = 1.0;
				PRODUCT_BUNDLE_IDENTIFIER = com.superkookai.HPTrivia;
				PRODUCT_NAME = "$(TARGET_NAME)";
				SWIFT_EMIT_LOC_STRINGS = YES;
				SWIFT_VERSION = 5.0;
				TARGETED_DEVICE_FAMILY = "1,2";
			};
			name = Release;
		};
/* End XCBuildConfiguration section */

/* Begin XCConfigurationList section */
		BF6663202CDB08D0009BFA5C /* Build configuration list for PBXProject "HPTrivia" */ = {
			isa = XCConfigurationList;
			buildConfigurations = (
				BF6663312CDB08D1009BFA5C /* Debug */,
				BF6663322CDB08D1009BFA5C /* Release */,
			);
			defaultConfigurationIsVisible = 0;
			defaultConfigurationName = Release;
		};
		BF6663332CDB08D1009BFA5C /* Build configuration list for PBXNativeTarget "HPTrivia" */ = {
			isa = XCConfigurationList;
			buildConfigurations = (
				BF6663342CDB08D1009BFA5C /* Debug */,
				BF6663352CDB08D1009BFA5C /* Release */,
			);
			defaultConfigurationIsVisible = 0;
			defaultConfigurationName = Release;
		};
/* End XCConfigurationList section */
	};
	rootObject = BF66631D2CDB08D0009BFA5C /* Project object */;
}
